
Microsoft Visual Studio Solution File, Format Version 12.00
# Visual Studio Version 17
VisualStudioVersion = 17.11.35208.52
MinimumVisualStudioVersion = 10.0.40219.1
Project("{9A19103F-16F7-4668-BE54-9A1E7A4F7556}") = "Printpress.API", "Printpress.API\Printpress.API.csproj", "{CD0A7761-9920-4F30-9BB8-8E8F1965DE0E}"
EndProject
Project("{9A19103F-16F7-4668-BE54-9A1E7A4F7556}") = "Printpress.UI", "Printpress.UI\Printpress.UI.csproj", "{4C3B02E0-DC68-4152-8DCB-F069F8B13493}"
EndProject
Project("{9A19103F-16F7-4668-BE54-9A1E7A4F7556}") = "Printpress.Application", "Printpress.Application\Printpress.Application.csproj", "{532167CF-E878-489F-9336-F222C39D86F1}"
EndProject
Project("{9A19103F-16F7-4668-BE54-9A1E7A4F7556}") = "Printpress.Infrastructure", "Printpress.Infrastructure\Printpress.Infrastructure.csproj", "{F27D7123-F5B8-4D25-B142-655EAF7A1792}"
EndProject
Project("{9A19103F-16F7-4668-BE54-9A1E7A4F7556}") = "Printpress.Domain", "Printpress.Domain\Printpress.Domain.csproj", "{70C1B39F-571D-4928-912B-6F6F73A99BDF}"
EndProject
Project("{2150E333-8FDC-42A3-9474-1A3956D46DE8}") = "src", "src", "{85376B86-04D3-485B-88A0-9E1BBA889B2B}"
EndProject
Project("{9A19103F-16F7-4668-BE54-9A1E7A4F7556}") = "Printpress.MigrationRunner", "Printpress.MigrationRunner\Printpress.MigrationRunner.csproj", "{B62741F8-345C-441B-93E1-94C96C1E7F8E}"
EndProject
Project("{2150E333-8FDC-42A3-9474-1A3956D46DE8}") = "lib", "lib", "{02EA681E-C7D8-13C7-8484-4AC65E1B71E8}"
EndProject
Project("{FAE04EC0-301F-11D3-BF4B-00C04F79EFBC}") = "SecurityProvider", "SecurityProvider\SecurityProvider.csproj", "{75EBBD9C-8383-82A8-BF42-C6D968F88FF1}"
EndProject
Global
	GlobalSection(SolutionConfigurationPlatforms) = preSolution
		Debug|Any CPU = Debug|Any CPU
		Release|Any CPU = Release|Any CPU
	EndGlobalSection
	GlobalSection(ProjectConfigurationPlatforms) = postSolution
		{CD0A7761-9920-4F30-9BB8-8E8F1965DE0E}.Debug|Any CPU.ActiveCfg = Debug|Any CPU
		{CD0A7761-9920-4F30-9BB8-8E8F1965DE0E}.Debug|Any CPU.Build.0 = Debug|Any CPU
		{CD0A7761-9920-4F30-9BB8-8E8F1965DE0E}.Release|Any CPU.ActiveCfg = Release|Any CPU
		{CD0A7761-9920-4F30-9BB8-8E8F1965DE0E}.Release|Any CPU.Build.0 = Release|Any CPU
		{4C3B02E0-DC68-4152-8DCB-F069F8B13493}.Debug|Any CPU.ActiveCfg = Debug|Any CPU
		{4C3B02E0-DC68-4152-8DCB-F069F8B13493}.Debug|Any CPU.Build.0 = Debug|Any CPU
		{4C3B02E0-DC68-4152-8DCB-F069F8B13493}.Release|Any CPU.ActiveCfg = Release|Any CPU
		{4C3B02E0-DC68-4152-8DCB-F069F8B13493}.Release|Any CPU.Build.0 = Release|Any CPU
		{532167CF-E878-489F-9336-F222C39D86F1}.Debug|Any CPU.ActiveCfg = Debug|Any CPU
		{532167CF-E878-489F-9336-F222C39D86F1}.Debug|Any CPU.Build.0 = Debug|Any CPU
		{532167CF-E878-489F-9336-F222C39D86F1}.Release|Any CPU.ActiveCfg = Release|Any CPU
		{532167CF-E878-489F-9336-F222C39D86F1}.Release|Any CPU.Build.0 = Release|Any CPU
		{F27D7123-F5B8-4D25-B142-655EAF7A1792}.Debug|Any CPU.ActiveCfg = Debug|Any CPU
		{F27D7123-F5B8-4D25-B142-655EAF7A1792}.Debug|Any CPU.Build.0 = Debug|Any CPU
		{F27D7123-F5B8-4D25-B142-655EAF7A1792}.Release|Any CPU.ActiveCfg = Release|Any CPU
		{F27D7123-F5B8-4D25-B142-655EAF7A1792}.Release|Any CPU.Build.0 = Release|Any CPU
		{70C1B39F-571D-4928-912B-6F6F73A99BDF}.Debug|Any CPU.ActiveCfg = Debug|Any CPU
		{70C1B39F-571D-4928-912B-6F6F73A99BDF}.Debug|Any CPU.Build.0 = Debug|Any CPU
		{70C1B39F-571D-4928-912B-6F6F73A99BDF}.Release|Any CPU.ActiveCfg = Release|Any CPU
		{70C1B39F-571D-4928-912B-6F6F73A99BDF}.Release|Any CPU.Build.0 = Release|Any CPU
		{B62741F8-345C-441B-93E1-94C96C1E7F8E}.Debug|Any CPU.ActiveCfg = Debug|Any CPU
		{B62741F8-345C-441B-93E1-94C96C1E7F8E}.Debug|Any CPU.Build.0 = Debug|Any CPU
		{B62741F8-345C-441B-93E1-94C96C1E7F8E}.Release|Any CPU.ActiveCfg = Release|Any CPU
		{B62741F8-345C-441B-93E1-94C96C1E7F8E}.Release|Any CPU.Build.0 = Release|Any CPU
		{75EBBD9C-8383-82A8-BF42-C6D968F88FF1}.Debug|Any CPU.ActiveCfg = Debug|Any CPU
		{75EBBD9C-8383-82A8-BF42-C6D968F88FF1}.Debug|Any CPU.Build.0 = Debug|Any CPU
		{75EBBD9C-8383-82A8-BF42-C6D968F88FF1}.Release|Any CPU.ActiveCfg = Release|Any CPU
		{75EBBD9C-8383-82A8-BF42-C6D968F88FF1}.Release|Any CPU.Build.0 = Release|Any CPU
	EndGlobalSection
	GlobalSection(SolutionProperties) = preSolution
		HideSolutionNode = FALSE
	EndGlobalSection
	GlobalSection(NestedProjects) = preSolution
		{CD0A7761-9920-4F30-9BB8-8E8F1965DE0E} = {85376B86-04D3-485B-88A0-9E1BBA889B2B}
		{4C3B02E0-DC68-4152-8DCB-F069F8B13493} = {85376B86-04D3-485B-88A0-9E1BBA889B2B}
		{532167CF-E878-489F-9336-F222C39D86F1} = {85376B86-04D3-485B-88A0-9E1BBA889B2B}
		{F27D7123-F5B8-4D25-B142-655EAF7A1792} = {85376B86-04D3-485B-88A0-9E1BBA889B2B}
		{70C1B39F-571D-4928-912B-6F6F73A99BDF} = {85376B86-04D3-485B-88A0-9E1BBA889B2B}
		{B62741F8-345C-441B-93E1-94C96C1E7F8E} = {85376B86-04D3-485B-88A0-9E1BBA889B2B}
		{02EA681E-C7D8-13C7-8484-4AC65E1B71E8} = {85376B86-04D3-485B-88A0-9E1BBA889B2B}
		{75EBBD9C-8383-82A8-BF42-C6D968F88FF1} = {02EA681E-C7D8-13C7-8484-4AC65E1B71E8}
	EndGlobalSection
	GlobalSection(ExtensibilityGlobals) = postSolution
		SolutionGuid = {40F0357B-CDEA-4874-B7A8-4956BDD56465}
	EndGlobalSection
EndGlobal
